
Microsoft Visual Studio Solution File, Format Version 12.00
# Visual Studio Version 17
VisualStudioVersion = 17.7.34031.279
MinimumVisualStudioVersion = 10.0.40219.1
Project("{9A19103F-16F7-4668-BE54-9A1E7A4F7556}") = "WebApplicationPartnersProject", "WebApplicationPartnersProject.csproj", "{E413DD9E-4523-459D-AC07-F55C728EE7A1}"
EndProject
Project("{FAE04EC0-301F-11D3-BF4B-00C04F79EFBC}") = "DataBaseLoginPassword", "..\DataBaseLoginPassword\DataBaseLoginPassword.csproj", "{CD5A2EBB-3029-471C-AF01-DC7C31550AC9}"
EndProject
Global
	GlobalSection(SolutionConfigurationPlatforms) = preSolution
		Debug|Any CPU = Debug|Any CPU
		Release|Any CPU = Release|Any CPU
	EndGlobalSection
	GlobalSection(ProjectConfigurationPlatforms) = postSolution
		{E413DD9E-4523-459D-AC07-F55C728EE7A1}.Debug|Any CPU.ActiveCfg = Debug|Any CPU
		{E413DD9E-4523-459D-AC07-F55C728EE7A1}.Debug|Any CPU.Build.0 = Debug|Any CPU
		{E413DD9E-4523-459D-AC07-F55C728EE7A1}.Release|Any CPU.ActiveCfg = Release|Any CPU
		{E413DD9E-4523-459D-AC07-F55C728EE7A1}.Release|Any CPU.Build.0 = Release|Any CPU
		{CD5A2EBB-3029-471C-AF01-DC7C31550AC9}.Debug|Any CPU.ActiveCfg = Debug|Any CPU
		{CD5A2EBB-3029-471C-AF01-DC7C31550AC9}.Debug|Any CPU.Build.0 = Debug|Any CPU
		{CD5A2EBB-3029-471C-AF01-DC7C31550AC9}.Release|Any CPU.ActiveCfg = Release|Any CPU
		{CD5A2EBB-3029-471C-AF01-DC7C31550AC9}.Release|Any CPU.Build.0 = Release|Any CPU
	EndGlobalSection
	GlobalSection(SolutionProperties) = preSolution
		HideSolutionNode = FALSE
	EndGlobalSection
	GlobalSection(ExtensibilityGlobals) = postSolution
		SolutionGuid = {26945990-DC66-4E93-8888-4E6A31A83FD8}
	EndGlobalSection
EndGlobal
